<Solution>
  <Project Path="src/WebApiDemo.Domain/WebApiDemo.Domain.csproj" />
  <Project Path="src/WebApiDemo.Application/WebApiDemo.Application.csproj" />
  <Project Path="src/WebApiDemo.Infrastructure/WebApiDemo.Infrastructure.csproj" />
  <Project Path="src/WebApiDemo.WebAPI/WebApiDemo.WebAPI.csproj" />
  <Project Path="tests/WebApiDemo.Tests/WebApiDemo.Tests.csproj" />
</Solution>
