{
  "version": 2,
  "dependencies": {
    "net10.0": {
      "Microsoft.AspNetCore.JsonPatch": {
        "type": "Direct",
        "requested": "[10.0.5, )",
        "resolved": "10.0.5",
        "contentHash": "ODGomRlmt8/mFAqVyD9MgE4fXNkO6qDNeKuvmqNDuKjOL2UOkh/wJK0gEXS5VcViHFs+uQKOXD5xoTg1/ouKtA==",
        "dependencies": {
          "Newtonsoft.Json": "13.0.3"
        }
      },
      "Microsoft.AspNetCore.Mvc.NewtonsoftJson": {
        "type": "Direct",
        "requested": "[10.0.5, )",
        "resolved": "10.0.5",
        "contentHash": "WFwm63h4YhVOfEvTeieUGRKUz8nYKSd6mXC1vfqqr7ZW+b8mQBkaxMeAOvA2YFjjgRCKgVC72jhmxjLEDFwC4A==",
        "dependencies": {
          "Microsoft.AspNetCore.JsonPatch": "10.0.5",
          "Newtonsoft.Json": "13.0.3",
          "Newtonsoft.Json.Bson": "1.0.2"
        }
      },
      "Newtonsoft.Json": {
        "type": "Transitive",
        "resolved": "13.0.3",
        "contentHash": "HrC5BXdl00IP9zeV+0Z848QWPAoCr9P3bDEZguI+gkLcBKAOxix/tLEAAHC+UvDNPv4a2d18lOReHMOagPa+zQ=="
      },
      "Newtonsoft.Json.Bson": {
        "type": "Transitive",
        "resolved": "1.0.2",
        "contentHash": "QYFyxhaABwmq3p/21VrZNYvCg3DaEoN/wUuw5nmfAf0X3HLjgupwhkEWdgfb9nvGAUIv3osmZoD3kKl4jxEmYQ==",
        "dependencies": {
          "Newtonsoft.Json": "12.0.1"
        }
      },
      "webapidemo.domain": {
        "type": "Project"
      }
    }
  }
}